
Microsoft Visual Studio Solution File, Format Version 12.00
# Visual Studio Version 17
VisualStudioVersion = 17.14.36408.4
MinimumVisualStudioVersion = 10.0.40219.1
Project("{FAE04EC0-301F-11D3-BF4B-00C04F79EFBC}") = "SIEMServer", "SIEMServer\SIEMServer.csproj", "{DB775106-C979-4522-A546-8D8D85C1D9DB}"
EndProject
Project("{FAE04EC0-301F-11D3-BF4B-00C04F79EFBC}") = "MyWorkerService", "MyWorkerService\MyWorkerService\MyWorkerService.csproj", "{F261DF8F-05AB-4B43-9C99-59F13BC79304}"
EndProject
Global
	GlobalSection(SolutionConfigurationPlatforms) = preSolution
		Debug|Any CPU = Debug|Any CPU
		Release|Any CPU = Release|Any CPU
	EndGlobalSection
	GlobalSection(ProjectConfigurationPlatforms) = postSolution
		{DB775106-C979-4522-A546-8D8D85C1D9DB}.Debug|Any CPU.ActiveCfg = Debug|Any CPU
		{DB775106-C979-4522-A546-8D8D85C1D9DB}.Debug|Any CPU.Build.0 = Debug|Any CPU
		{DB775106-C979-4522-A546-8D8D85C1D9DB}.Release|Any CPU.ActiveCfg = Release|Any CPU
		{DB775106-C979-4522-A546-8D8D85C1D9DB}.Release|Any CPU.Build.0 = Release|Any CPU
		{F261DF8F-05AB-4B43-9C99-59F13BC79304}.Debug|Any CPU.ActiveCfg = Debug|Any CPU
		{F261DF8F-05AB-4B43-9C99-59F13BC79304}.Debug|Any CPU.Build.0 = Debug|Any CPU
		{F261DF8F-05AB-4B43-9C99-59F13BC79304}.Release|Any CPU.ActiveCfg = Release|Any CPU
		{F261DF8F-05AB-4B43-9C99-59F13BC79304}.Release|Any CPU.Build.0 = Release|Any CPU
	EndGlobalSection
	GlobalSection(SolutionProperties) = preSolution
		HideSolutionNode = FALSE
	EndGlobalSection
	GlobalSection(ExtensibilityGlobals) = postSolution
		SolutionGuid = {33569A51-8909-40AD-B5DA-7B37AE74DC53}
	EndGlobalSection
EndGlobal
